PODS:
  - Anchorage (4.3)
  - HTMLEntities (3.0.12)
  - Kingfisher (5.3.1)
  - Nimble (8.0.1)
  - Quick (2.0.0)
  - ReactiveCocoa (9.0.0):
    - ReactiveSwift (~> 5.0)
  - ReactiveSwift (5.0.1):
    - Result (~> 4.1)
  - Result (4.1.0)
  - STRegex (2.0.0)
  - Strongify (1.2)
  - SwiftyJSON (4.3.0)

DEPENDENCIES:
  - Anchorage
  - HTMLEntities (from `https://github.com/IBM-Swift/swift-html-entities.git`)
  - Kingfisher
  - Nimble
  - Quick
  - ReactiveCocoa
  - ReactiveSwift
  - STRegex
  - Strongify
  - SwiftyJSON

SPEC REPOS:
  https://github.com/cocoapods/specs.git:
    - Anchorage
    - Kingfisher
    - Nimble
    - Quick
    - ReactiveCocoa
    - ReactiveSwift
    - Result
    - STRegex
    - Strongify
    - SwiftyJSON

EXTERNAL SOURCES:
  HTMLEntities:
    :git: https://github.com/IBM-Swift/swift-html-entities.git

CHECKOUT OPTIONS:
  HTMLEntities:
    :commit: 544e7e0e404edeb239d4bb86e5cbe5929c0809bf
    :git: https://github.com/IBM-Swift/swift-html-entities.git

SPEC CHECKSUMS:
  Anchorage: 21a98675245188427f0bcea21404d42a824a766f
  HTMLEntities: b195103df85a07c6174ed52435d30ae90085fa44
  Kingfisher: d9e7e0b209b59b8f9873aa2f37654e81a7beea51
  Nimble: 45f786ae66faa9a709624227fae502db55a8bdd0
  Quick: ce1276c7c27ba2da3cb2fd0cde053c3648b3b22d
  ReactiveCocoa: 29709cf0cc7502ddd04a51220e10ee0336d8bec8
  ReactiveSwift: cac20a5bbe560c5806bd29c0fccf90d03b996ac1
  Result: bd966fac789cc6c1563440b348ab2598cc24d5c7
  STRegex: dc7c8082a77c521315a6339f86abf125b8c3feb8
  Strongify: b5286ad3c12ec804b3515625982ca6b52474eb2e
  SwiftyJSON: 6faa0040f8b59dead0ee07436cbf76b73c08fd08

PODFILE CHECKSUM: ff1cb4905961f4625bf5dedfe3c4b02aefd1832e

COCOAPODS: 1.6.1
