// !$*UTF8*$!
{
	archiveVersion = 1;
	classes = {
	};
	objectVersion = 46;
	objects = {

/* Begin PBXBuildFile section */
		FC15DD791F40DE5500DD09F0 /* Kingfisher.framework in Frameworks */ = {isa = PBXBuildFile; fileRef = FC15DD771F40DE0E00DD09F0 /* Kingfisher.framework */; };
		FC15DD7A1F40DE5500DD09F0 /* Kingfisher.framework in Embed Frameworks */ = {isa = PBXBuildFile; fileRef = FC15DD771F40DE0E00DD09F0 /* Kingfisher.framework */; settings = {ATTRIBUTES = (CodeSignOnCopy, RemoveHeadersOnCopy, ); }; };
		FC242DE51E8DE27C009754E7 /* QuickIntegrationTests.swift in Sources */ = {isa = PBXBuildFile; fileRef = FC242DE41E8DE27C009754E7 /* QuickIntegrationTests.swift */; };
		FC242DEE1E8DEABB009754E7 /* Caption.swift in Sources */ = {isa = PBXBuildFile; fileRef = FC242DED1E8DEABB009754E7 /* Caption.swift */; };
		FC549EC71EF6E63D007CBFD6 /* Session+JSON.swift in Sources */ = {isa = PBXBuildFile; fileRef = FC549EC61EF6E63D007CBFD6 /* Session+JSON.swift */; };
		FC58CA5B1EF88FE700EC49EA /* sessions.json in Resources */ = {isa = PBXBuildFile; fileRef = FC58CA5A1EF88FE700EC49EA /* sessions.json */; };
		FC9066301E92FC48009363C8 /* StringExtensionsSpec.swift in Sources */ = {isa = PBXBuildFile; fileRef = FC90662F1E92FC48009363C8 /* StringExtensionsSpec.swift */; };
		FC90663A1E93F194009363C8 /* CaptionSpec.swift in Sources */ = {isa = PBXBuildFile; fileRef = FC9066391E93F194009363C8 /* CaptionSpec.swift */; };
		FC90663C1E93FF72009363C8 /* FoundationExtensions.swift in Sources */ = {isa = PBXBuildFile; fileRef = FC90663B1E93FF72009363C8 /* FoundationExtensions.swift */; };
		FC94518D1EAABB8400D42C25 /* FilmstripViewController.swift in Sources */ = {isa = PBXBuildFile; fileRef = FC94518C1EAABB8400D42C25 /* FilmstripViewController.swift */; };
		FC9451931EB1218D00D42C25 /* CaptionsViewController.swift in Sources */ = {isa = PBXBuildFile; fileRef = FC9451921EB1218D00D42C25 /* CaptionsViewController.swift */; };
		FC9451951EB1219800D42C25 /* CaptionsView.swift in Sources */ = {isa = PBXBuildFile; fileRef = FC9451941EB1219800D42C25 /* CaptionsView.swift */; };
		FCA2DC271EC5EC3A00427D3C /* PlayerView.swift in Sources */ = {isa = PBXBuildFile; fileRef = FCA2DC261EC5EC3A00427D3C /* PlayerView.swift */; };
		FCA2DC291EC5EF4B00427D3C /* TouchStencilingButton.swift in Sources */ = {isa = PBXBuildFile; fileRef = FCA2DC281EC5EF4B00427D3C /* TouchStencilingButton.swift */; };
		FCA2DC2B1EC6765D00427D3C /* Settings.bundle in Resources */ = {isa = PBXBuildFile; fileRef = FCA2DC2A1EC6765D00427D3C /* Settings.bundle */; };
		FCBB65B51E96B034008A8568 /* CaptionCell.swift in Sources */ = {isa = PBXBuildFile; fileRef = FCBB65B41E96B034008A8568 /* CaptionCell.swift */; };
		FCBB65B71E96B86C008A8568 /* ClassStringProviding.swift in Sources */ = {isa = PBXBuildFile; fileRef = FCBB65B61E96B86C008A8568 /* ClassStringProviding.swift */; };
		FCBB65BB1E97298B008A8568 /* UIKitExtensions.swift in Sources */ = {isa = PBXBuildFile; fileRef = FCBB65BA1E97298B008A8568 /* UIKitExtensions.swift */; };
		FCBB65BD1E98021E008A8568 /* StdLibExtensions.swift in Sources */ = {isa = PBXBuildFile; fileRef = FCBB65BC1E98021E008A8568 /* StdLibExtensions.swift */; };
		FCBB65BF1E983103008A8568 /* FilmstripCell.swift in Sources */ = {isa = PBXBuildFile; fileRef = FCBB65BE1E983103008A8568 /* FilmstripCell.swift */; };
		FCBB65C31E98570D008A8568 /* TransformerView.swift in Sources */ = {isa = PBXBuildFile; fileRef = FCBB65C21E98570D008A8568 /* TransformerView.swift */; };
		FCBD736C1EBA9F050034FEFD /* DownloadsService.swift in Sources */ = {isa = PBXBuildFile; fileRef = FCBD736B1EBA9F050034FEFD /* DownloadsService.swift */; };
		FCBD736E1EBB99780034FEFD /* Identifiable.swift in Sources */ = {isa = PBXBuildFile; fileRef = FCBD736D1EBB99780034FEFD /* Identifiable.swift */; };
		FCBD73B51EBBDCD30034FEFD /* Bimap.swift in Sources */ = {isa = PBXBuildFile; fileRef = FCBD73861EBBDCD30034FEFD /* Bimap.swift */; };
		FCC8AA4A1EB7FCFC00A21D24 /* VideosJsonImportingSpec.swift in Sources */ = {isa = PBXBuildFile; fileRef = FCC8AA491EB7FCFC00A21D24 /* VideosJsonImportingSpec.swift */; };
		FCC8AA4E1EB804AF00A21D24 /* Session.swift in Sources */ = {isa = PBXBuildFile; fileRef = FCC8AA4D1EB804AF00A21D24 /* Session.swift */; };
		FCC8AA501EB8EDDF00A21D24 /* ShelfViewController.swift in Sources */ = {isa = PBXBuildFile; fileRef = FCC8AA4F1EB8EDDF00A21D24 /* ShelfViewController.swift */; };
		FCC8AA521EB8EE0400A21D24 /* ShelfView.swift in Sources */ = {isa = PBXBuildFile; fileRef = FCC8AA511EB8EE0400A21D24 /* ShelfView.swift */; };
		FCC8AA541EB8F44B00A21D24 /* SessionCell.swift in Sources */ = {isa = PBXBuildFile; fileRef = FCC8AA531EB8F44B00A21D24 /* SessionCell.swift */; };
		FCC8AA7F1EB9247B00A21D24 /* Nimble.framework in Frameworks */ = {isa = PBXBuildFile; fileRef = FCC8AA7E1EB9247B00A21D24 /* Nimble.framework */; };
		FCC8AA811EB9248C00A21D24 /* Quick.framework in Frameworks */ = {isa = PBXBuildFile; fileRef = FCC8AA801EB9248C00A21D24 /* Quick.framework */; };
		FCC8AA8C1EB925C000A21D24 /* Anchorage.framework in Frameworks */ = {isa = PBXBuildFile; fileRef = FCC8AA761EB9241F00A21D24 /* Anchorage.framework */; };
		FCC8AA8D1EB925C000A21D24 /* Anchorage.framework in Embed Frameworks */ = {isa = PBXBuildFile; fileRef = FCC8AA761EB9241F00A21D24 /* Anchorage.framework */; settings = {ATTRIBUTES = (CodeSignOnCopy, RemoveHeadersOnCopy, ); }; };
		FCC8AA911EB925CD00A21D24 /* ReactiveCocoa.framework in Frameworks */ = {isa = PBXBuildFile; fileRef = FCC8AA841EB924BE00A21D24 /* ReactiveCocoa.framework */; };
		FCC8AA921EB925CD00A21D24 /* ReactiveCocoa.framework in Embed Frameworks */ = {isa = PBXBuildFile; fileRef = FCC8AA841EB924BE00A21D24 /* ReactiveCocoa.framework */; settings = {ATTRIBUTES = (CodeSignOnCopy, RemoveHeadersOnCopy, ); }; };
		FCC8AA931EB925D300A21D24 /* ReactiveSwift.framework in Frameworks */ = {isa = PBXBuildFile; fileRef = FCC8AA861EB924C600A21D24 /* ReactiveSwift.framework */; };
		FCC8AA941EB925D300A21D24 /* ReactiveSwift.framework in Embed Frameworks */ = {isa = PBXBuildFile; fileRef = FCC8AA861EB924C600A21D24 /* ReactiveSwift.framework */; settings = {ATTRIBUTES = (CodeSignOnCopy, RemoveHeadersOnCopy, ); }; };
		FCC8AA951EB925E200A21D24 /* Result.framework in Frameworks */ = {isa = PBXBuildFile; fileRef = FCC8AA881EB924D200A21D24 /* Result.framework */; };
		FCC8AA961EB925E200A21D24 /* Result.framework in Embed Frameworks */ = {isa = PBXBuildFile; fileRef = FCC8AA881EB924D200A21D24 /* Result.framework */; settings = {ATTRIBUTES = (CodeSignOnCopy, RemoveHeadersOnCopy, ); }; };
		FCC8AA971EB925E700A21D24 /* SwiftyJSON.framework in Frameworks */ = {isa = PBXBuildFile; fileRef = FCC8AA8A1EB924D900A21D24 /* SwiftyJSON.framework */; };
		FCC8AA981EB925E700A21D24 /* SwiftyJSON.framework in Embed Frameworks */ = {isa = PBXBuildFile; fileRef = FCC8AA8A1EB924D900A21D24 /* SwiftyJSON.framework */; settings = {ATTRIBUTES = (CodeSignOnCopy, RemoveHeadersOnCopy, ); }; };
		FCD1C4C01EAAB1DD00C22DEE /* PlayerSeeker.swift in Sources */ = {isa = PBXBuildFile; fileRef = FCD1C4BF1EAAB1DD00C22DEE /* PlayerSeeker.swift */; };
		FCD2292A1EBDEE5000037D43 /* AppNavigationController.swift in Sources */ = {isa = PBXBuildFile; fileRef = FCD229291EBDEE5000037D43 /* AppNavigationController.swift */; };
		FCD2292C1EBDEE9600037D43 /* DependencyProtocols.swift in Sources */ = {isa = PBXBuildFile; fileRef = FCD2292B1EBDEE9600037D43 /* DependencyProtocols.swift */; };
		FCD2292E1EBDEF0000037D43 /* SessionsService.swift in Sources */ = {isa = PBXBuildFile; fileRef = FCD2292D1EBDEF0000037D43 /* SessionsService.swift */; };
		FCD229301EBDF3C600037D43 /* AppBuilder.swift in Sources */ = {isa = PBXBuildFile; fileRef = FCD2292F1EBDF3C600037D43 /* AppBuilder.swift */; };
		FCD2295B1EBE2F8F00037D43 /* Strongify.swift in Sources */ = {isa = PBXBuildFile; fileRef = FCD2293D1EBE2F5700037D43 /* Strongify.swift */; };
		FCD2C48D1EBFD759005A0C0B /* wwdc-session-transcripts in Resources */ = {isa = PBXBuildFile; fileRef = FCD2C48C1EBFD691005A0C0B /* wwdc-session-transcripts */; };
		FCD2C48F1EC12117005A0C0B /* SortDescriptor.swift in Sources */ = {isa = PBXBuildFile; fileRef = FCD2C48E1EC12117005A0C0B /* SortDescriptor.swift */; };
		FCD2C4BE1EC1F738005A0C0B /* Constants.swift in Sources */ = {isa = PBXBuildFile; fileRef = FCD2C4B51EC1F6F9005A0C0B /* Constants.swift */; };
		FCD2C4BF1EC1F738005A0C0B /* ParseError.swift in Sources */ = {isa = PBXBuildFile; fileRef = FCD2C4B61EC1F6F9005A0C0B /* ParseError.swift */; };
		FCD2C4C01EC1F738005A0C0B /* String+HTMLEntities.swift in Sources */ = {isa = PBXBuildFile; fileRef = FCD2C4B71EC1F6F9005A0C0B /* String+HTMLEntities.swift */; };
		FCD2C4C11EC1F738005A0C0B /* Utilities.swift in Sources */ = {isa = PBXBuildFile; fileRef = FCD2C4B81EC1F6F9005A0C0B /* Utilities.swift */; };
		FCD5F0E81E959F1E0034FD35 /* AVFoundationExtensions.swift in Sources */ = {isa = PBXBuildFile; fileRef = FCD5F0E71E959F1E0034FD35 /* AVFoundationExtensions.swift */; };
		FCD5F0EA1E95C1690034FD35 /* MajorInputView.swift in Sources */ = {isa = PBXBuildFile; fileRef = FCD5F0E91E95C1690034FD35 /* MajorInputView.swift */; };
		FCD5F0F01E95C4040034FD35 /* ViewDowncasting.swift in Sources */ = {isa = PBXBuildFile; fileRef = FCD5F0EF1E95C4040034FD35 /* ViewDowncasting.swift */; };
		FCD5F0F41E95C7040034FD35 /* ViewInitializing.swift in Sources */ = {isa = PBXBuildFile; fileRef = FCD5F0F31E95C7040034FD35 /* ViewInitializing.swift */; };
		FCD5F10D1E95ED120034FD35 /* CoreGraphicsExtensions.swift in Sources */ = {isa = PBXBuildFile; fileRef = FCD5F10C1E95ED120034FD35 /* CoreGraphicsExtensions.swift */; };
		FCF3CD041E8D7F0B0060EF2E /* AppDelegate.swift in Sources */ = {isa = PBXBuildFile; fileRef = FCF3CD031E8D7F0B0060EF2E /* AppDelegate.swift */; };
		FCF3CD061E8D7F0B0060EF2E /* MajorInputViewController.swift in Sources */ = {isa = PBXBuildFile; fileRef = FCF3CD051E8D7F0B0060EF2E /* MajorInputViewController.swift */; };
		FCF3CD0B1E8D7F0B0060EF2E /* Assets.xcassets in Resources */ = {isa = PBXBuildFile; fileRef = FCF3CD0A1E8D7F0B0060EF2E /* Assets.xcassets */; };
		FCF3CD0E1E8D7F0B0060EF2E /* LaunchScreen.storyboard in Resources */ = {isa = PBXBuildFile; fileRef = FCF3CD0C1E8D7F0B0060EF2E /* LaunchScreen.storyboard */; };
		FCF3CD191E8D7F0C0060EF2E /* MajorInputSanityCheckTests.swift in Sources */ = {isa = PBXBuildFile; fileRef = FCF3CD181E8D7F0C0060EF2E /* MajorInputSanityCheckTests.swift */; };
/* End PBXBuildFile section */

/* Begin PBXContainerItemProxy section */
		FCF3CD151E8D7F0C0060EF2E /* PBXContainerItemProxy */ = {
			isa = PBXContainerItemProxy;
			containerPortal = FCF3CCF81E8D7F0B0060EF2E /* Project object */;
			proxyType = 1;
			remoteGlobalIDString = FCF3CCFF1E8D7F0B0060EF2E;
			remoteInfo = MajorInput;
		};
/* End PBXContainerItemProxy section */

/* Begin PBXCopyFilesBuildPhase section */
		FCC8AA8E1EB925C000A21D24 /* Embed Frameworks */ = {
			isa = PBXCopyFilesBuildPhase;
			buildActionMask = 2147483647;
			dstPath = "";
			dstSubfolderSpec = 10;
			files = (
				FCC8AA921EB925CD00A21D24 /* ReactiveCocoa.framework in Embed Frameworks */,
				FCC8AA981EB925E700A21D24 /* SwiftyJSON.framework in Embed Frameworks */,
				FCC8AA961EB925E200A21D24 /* Result.framework in Embed Frameworks */,
				FCC8AA8D1EB925C000A21D24 /* Anchorage.framework in Embed Frameworks */,
				FC15DD7A1F40DE5500DD09F0 /* Kingfisher.framework in Embed Frameworks */,
				FCC8AA941EB925D300A21D24 /* ReactiveSwift.framework in Embed Frameworks */,
			);
			name = "Embed Frameworks";
			runOnlyForDeploymentPostprocessing = 0;
		};
/* End PBXCopyFilesBuildPhase section */

/* Begin PBXFileReference section */
		FC15DD771F40DE0E00DD09F0 /* Kingfisher.framework */ = {isa = PBXFileReference; lastKnownFileType = wrapper.framework; path = Kingfisher.framework; sourceTree = BUILT_PRODUCTS_DIR; };
		FC242DE41E8DE27C009754E7 /* QuickIntegrationTests.swift */ = {isa = PBXFileReference; fileEncoding = 4; lastKnownFileType = sourcecode.swift; path = QuickIntegrationTests.swift; sourceTree = "<group>"; };
		FC242DED1E8DEABB009754E7 /* Caption.swift */ = {isa = PBXFileReference; fileEncoding = 4; lastKnownFileType = sourcecode.swift; path = Caption.swift; sourceTree = "<group>"; };
		FC549EC61EF6E63D007CBFD6 /* Session+JSON.swift */ = {isa = PBXFileReference; fileEncoding = 4; lastKnownFileType = sourcecode.swift; path = "Session+JSON.swift"; sourceTree = "<group>"; };
		FC58CA5A1EF88FE700EC49EA /* sessions.json */ = {isa = PBXFileReference; fileEncoding = 4; lastKnownFileType = text.json; path = sessions.json; sourceTree = "<group>"; };
		FC90662F1E92FC48009363C8 /* StringExtensionsSpec.swift */ = {isa = PBXFileReference; fileEncoding = 4; lastKnownFileType = sourcecode.swift; path = StringExtensionsSpec.swift; sourceTree = "<group>"; };
		FC9066391E93F194009363C8 /* CaptionSpec.swift */ = {isa = PBXFileReference; fileEncoding = 4; lastKnownFileType = sourcecode.swift; path = CaptionSpec.swift; sourceTree = "<group>"; };
		FC90663B1E93FF72009363C8 /* FoundationExtensions.swift */ = {isa = PBXFileReference; fileEncoding = 4; lastKnownFileType = sourcecode.swift; path = FoundationExtensions.swift; sourceTree = "<group>"; };
		FC94518C1EAABB8400D42C25 /* FilmstripViewController.swift */ = {isa = PBXFileReference; fileEncoding = 4; lastKnownFileType = sourcecode.swift; path = FilmstripViewController.swift; sourceTree = "<group>"; };
		FC9451921EB1218D00D42C25 /* CaptionsViewController.swift */ = {isa = PBXFileReference; fileEncoding = 4; lastKnownFileType = sourcecode.swift; path = CaptionsViewController.swift; sourceTree = "<group>"; };
		FC9451941EB1219800D42C25 /* CaptionsView.swift */ = {isa = PBXFileReference; fileEncoding = 4; lastKnownFileType = sourcecode.swift; path = CaptionsView.swift; sourceTree = "<group>"; };
		FCA2DC261EC5EC3A00427D3C /* PlayerView.swift */ = {isa = PBXFileReference; fileEncoding = 4; lastKnownFileType = sourcecode.swift; path = PlayerView.swift; sourceTree = "<group>"; };
		FCA2DC281EC5EF4B00427D3C /* TouchStencilingButton.swift */ = {isa = PBXFileReference; fileEncoding = 4; lastKnownFileType = sourcecode.swift; path = TouchStencilingButton.swift; sourceTree = "<group>"; };
		FCA2DC2A1EC6765D00427D3C /* Settings.bundle */ = {isa = PBXFileReference; lastKnownFileType = "wrapper.plug-in"; path = Settings.bundle; sourceTree = "<group>"; };
		FCA2DC2C1ED5AF4C00427D3C /* LicensePlist.yml */ = {isa = PBXFileReference; lastKnownFileType = text; path = LicensePlist.yml; sourceTree = "<group>"; };
		FCBB65B41E96B034008A8568 /* CaptionCell.swift */ = {isa = PBXFileReference; fileEncoding = 4; lastKnownFileType = sourcecode.swift; path = CaptionCell.swift; sourceTree = "<group>"; };
		FCBB65B61E96B86C008A8568 /* ClassStringProviding.swift */ = {isa = PBXFileReference; fileEncoding = 4; lastKnownFileType = sourcecode.swift; path = ClassStringProviding.swift; sourceTree = "<group>"; };
		FCBB65BA1E97298B008A8568 /* UIKitExtensions.swift */ = {isa = PBXFileReference; fileEncoding = 4; lastKnownFileType = sourcecode.swift; path = UIKitExtensions.swift; sourceTree = "<group>"; };
		FCBB65BC1E98021E008A8568 /* StdLibExtensions.swift */ = {isa = PBXFileReference; fileEncoding = 4; lastKnownFileType = sourcecode.swift; path = StdLibExtensions.swift; sourceTree = "<group>"; };
		FCBB65BE1E983103008A8568 /* FilmstripCell.swift */ = {isa = PBXFileReference; fileEncoding = 4; lastKnownFileType = sourcecode.swift; path = FilmstripCell.swift; sourceTree = "<group>"; };
		FCBB65C21E98570D008A8568 /* TransformerView.swift */ = {isa = PBXFileReference; fileEncoding = 4; lastKnownFileType = sourcecode.swift; path = TransformerView.swift; sourceTree = "<group>"; };
		FCBD736B1EBA9F050034FEFD /* DownloadsService.swift */ = {isa = PBXFileReference; fileEncoding = 4; lastKnownFileType = sourcecode.swift; path = DownloadsService.swift; sourceTree = "<group>"; };
		FCBD736D1EBB99780034FEFD /* Identifiable.swift */ = {isa = PBXFileReference; fileEncoding = 4; lastKnownFileType = sourcecode.swift; path = Identifiable.swift; sourceTree = "<group>"; };
		FCBD737E1EBBDCD30034FEFD /* LICENSE */ = {isa = PBXFileReference; fileEncoding = 4; lastKnownFileType = text; path = LICENSE; sourceTree = "<group>"; };
		FCBD73801EBBDCD30034FEFD /* README.md */ = {isa = PBXFileReference; fileEncoding = 4; lastKnownFileType = net.daringfireball.markdown; path = README.md; sourceTree = "<group>"; };
		FCBD73861EBBDCD30034FEFD /* Bimap.swift */ = {isa = PBXFileReference; fileEncoding = 4; lastKnownFileType = sourcecode.swift; path = Bimap.swift; sourceTree = "<group>"; };
		FCBD739B1EBBDCD30034FEFD /* BimapTests.swift */ = {isa = PBXFileReference; fileEncoding = 4; lastKnownFileType = sourcecode.swift; path = BimapTests.swift; sourceTree = "<group>"; };
		FCC8AA491EB7FCFC00A21D24 /* VideosJsonImportingSpec.swift */ = {isa = PBXFileReference; fileEncoding = 4; lastKnownFileType = sourcecode.swift; path = VideosJsonImportingSpec.swift; sourceTree = "<group>"; };
		FCC8AA4D1EB804AF00A21D24 /* Session.swift */ = {isa = PBXFileReference; fileEncoding = 4; lastKnownFileType = sourcecode.swift; path = Session.swift; sourceTree = "<group>"; };
		FCC8AA4F1EB8EDDF00A21D24 /* ShelfViewController.swift */ = {isa = PBXFileReference; fileEncoding = 4; lastKnownFileType = sourcecode.swift; path = ShelfViewController.swift; sourceTree = "<group>"; };
		FCC8AA511EB8EE0400A21D24 /* ShelfView.swift */ = {isa = PBXFileReference; fileEncoding = 4; lastKnownFileType = sourcecode.swift; path = ShelfView.swift; sourceTree = "<group>"; };
		FCC8AA531EB8F44B00A21D24 /* SessionCell.swift */ = {isa = PBXFileReference; fileEncoding = 4; lastKnownFileType = sourcecode.swift; path = SessionCell.swift; sourceTree = "<group>"; };
		FCC8AA761EB9241F00A21D24 /* Anchorage.framework */ = {isa = PBXFileReference; explicitFileType = wrapper.framework; path = Anchorage.framework; sourceTree = BUILT_PRODUCTS_DIR; };
		FCC8AA7A1EB9242300A21D24 /* Haneke.framework */ = {isa = PBXFileReference; explicitFileType = wrapper.framework; path = Haneke.framework; sourceTree = BUILT_PRODUCTS_DIR; };
		FCC8AA7E1EB9247B00A21D24 /* Nimble.framework */ = {isa = PBXFileReference; lastKnownFileType = wrapper.framework; path = Nimble.framework; sourceTree = BUILT_PRODUCTS_DIR; };
		FCC8AA801EB9248C00A21D24 /* Quick.framework */ = {isa = PBXFileReference; lastKnownFileType = wrapper.framework; path = Quick.framework; sourceTree = BUILT_PRODUCTS_DIR; };
		FCC8AA821EB924A900A21D24 /* ReactiveSwift.framework */ = {isa = PBXFileReference; lastKnownFileType = wrapper.framework; path = ReactiveSwift.framework; sourceTree = BUILT_PRODUCTS_DIR; };
		FCC8AA841EB924BE00A21D24 /* ReactiveCocoa.framework */ = {isa = PBXFileReference; lastKnownFileType = wrapper.framework; path = ReactiveCocoa.framework; sourceTree = BUILT_PRODUCTS_DIR; };
		FCC8AA861EB924C600A21D24 /* ReactiveSwift.framework */ = {isa = PBXFileReference; lastKnownFileType = wrapper.framework; path = ReactiveSwift.framework; sourceTree = BUILT_PRODUCTS_DIR; };
		FCC8AA881EB924D200A21D24 /* Result.framework */ = {isa = PBXFileReference; lastKnownFileType = wrapper.framework; path = Result.framework; sourceTree = BUILT_PRODUCTS_DIR; };
		FCC8AA8A1EB924D900A21D24 /* SwiftyJSON.framework */ = {isa = PBXFileReference; lastKnownFileType = wrapper.framework; path = SwiftyJSON.framework; sourceTree = BUILT_PRODUCTS_DIR; };
		FCD1C4BF1EAAB1DD00C22DEE /* PlayerSeeker.swift */ = {isa = PBXFileReference; fileEncoding = 4; lastKnownFileType = sourcecode.swift; path = PlayerSeeker.swift; sourceTree = "<group>"; };
		FCD229291EBDEE5000037D43 /* AppNavigationController.swift */ = {isa = PBXFileReference; fileEncoding = 4; lastKnownFileType = sourcecode.swift; path = AppNavigationController.swift; sourceTree = "<group>"; };
		FCD2292B1EBDEE9600037D43 /* DependencyProtocols.swift */ = {isa = PBXFileReference; fileEncoding = 4; lastKnownFileType = sourcecode.swift; path = DependencyProtocols.swift; sourceTree = "<group>"; };
		FCD2292D1EBDEF0000037D43 /* SessionsService.swift */ = {isa = PBXFileReference; fileEncoding = 4; lastKnownFileType = sourcecode.swift; path = SessionsService.swift; sourceTree = "<group>"; };
		FCD2292F1EBDF3C600037D43 /* AppBuilder.swift */ = {isa = PBXFileReference; fileEncoding = 4; lastKnownFileType = sourcecode.swift; path = AppBuilder.swift; sourceTree = "<group>"; };
		FCD229391EBE2F5700037D43 /* LICENSE */ = {isa = PBXFileReference; lastKnownFileType = text; path = LICENSE; sourceTree = "<group>"; };
		FCD2293B1EBE2F5700037D43 /* README.md */ = {isa = PBXFileReference; lastKnownFileType = net.daringfireball.markdown; path = README.md; sourceTree = "<group>"; };
		FCD2293D1EBE2F5700037D43 /* Strongify.swift */ = {isa = PBXFileReference; lastKnownFileType = sourcecode.swift; path = Strongify.swift; sourceTree = "<group>"; };
		FCD229431EBE2F5700037D43 /* LinuxMain.swift */ = {isa = PBXFileReference; lastKnownFileType = sourcecode.swift; path = LinuxMain.swift; sourceTree = "<group>"; };
		FCD229451EBE2F5700037D43 /* StrongifyTests.swift */ = {isa = PBXFileReference; lastKnownFileType = sourcecode.swift; path = StrongifyTests.swift; sourceTree = "<group>"; };
		FCD2C48C1EBFD691005A0C0B /* wwdc-session-transcripts */ = {isa = PBXFileReference; lastKnownFileType = folder; name = "wwdc-session-transcripts"; path = "Vendor/Carthage/Checkouts/wwdc-session-transcripts"; sourceTree = "<group>"; };
		FCD2C48E1EC12117005A0C0B /* SortDescriptor.swift */ = {isa = PBXFileReference; fileEncoding = 4; lastKnownFileType = sourcecode.swift; path = SortDescriptor.swift; sourceTree = "<group>"; };
		FCD2C4AF1EC1F6F9005A0C0B /* LICENSE */ = {isa = PBXFileReference; lastKnownFileType = text; path = LICENSE; sourceTree = "<group>"; };
		FCD2C4B11EC1F6F9005A0C0B /* Package.swift */ = {isa = PBXFileReference; lastKnownFileType = sourcecode.swift; path = Package.swift; sourceTree = "<group>"; };
		FCD2C4B21EC1F6F9005A0C0B /* README.md */ = {isa = PBXFileReference; lastKnownFileType = net.daringfireball.markdown; path = README.md; sourceTree = "<group>"; };
		FCD2C4B51EC1F6F9005A0C0B /* Constants.swift */ = {isa = PBXFileReference; lastKnownFileType = sourcecode.swift; path = Constants.swift; sourceTree = "<group>"; };
		FCD2C4B61EC1F6F9005A0C0B /* ParseError.swift */ = {isa = PBXFileReference; lastKnownFileType = sourcecode.swift; path = ParseError.swift; sourceTree = "<group>"; };
		FCD2C4B71EC1F6F9005A0C0B /* String+HTMLEntities.swift */ = {isa = PBXFileReference; lastKnownFileType = sourcecode.swift; path = "String+HTMLEntities.swift"; sourceTree = "<group>"; };
		FCD2C4B81EC1F6F9005A0C0B /* Utilities.swift */ = {isa = PBXFileReference; lastKnownFileType = sourcecode.swift; path = Utilities.swift; sourceTree = "<group>"; };
		FCD2C4BB1EC1F6F9005A0C0B /* HTMLEntitiesTests.swift */ = {isa = PBXFileReference; lastKnownFileType = sourcecode.swift; path = HTMLEntitiesTests.swift; sourceTree = "<group>"; };
		FCD2C4BC1EC1F6F9005A0C0B /* LinuxSafeguardTest.swift */ = {isa = PBXFileReference; lastKnownFileType = sourcecode.swift; path = LinuxSafeguardTest.swift; sourceTree = "<group>"; };
		FCD2C4BD1EC1F6F9005A0C0B /* LinuxMain.swift */ = {isa = PBXFileReference; lastKnownFileType = sourcecode.swift; path = LinuxMain.swift; sourceTree = "<group>"; };
		FCD5F0E71E959F1E0034FD35 /* AVFoundationExtensions.swift */ = {isa = PBXFileReference; fileEncoding = 4; lastKnownFileType = sourcecode.swift; path = AVFoundationExtensions.swift; sourceTree = "<group>"; };
		FCD5F0E91E95C1690034FD35 /* MajorInputView.swift */ = {isa = PBXFileReference; fileEncoding = 4; lastKnownFileType = sourcecode.swift; path = MajorInputView.swift; sourceTree = "<group>"; };
		FCD5F0EF1E95C4040034FD35 /* ViewDowncasting.swift */ = {isa = PBXFileReference; fileEncoding = 4; lastKnownFileType = sourcecode.swift; path = ViewDowncasting.swift; sourceTree = "<group>"; };
		FCD5F0F31E95C7040034FD35 /* ViewInitializing.swift */ = {isa = PBXFileReference; fileEncoding = 4; lastKnownFileType = sourcecode.swift; path = ViewInitializing.swift; sourceTree = "<group>"; };
		FCD5F10C1E95ED120034FD35 /* CoreGraphicsExtensions.swift */ = {isa = PBXFileReference; fileEncoding = 4; lastKnownFileType = sourcecode.swift; path = CoreGraphicsExtensions.swift; sourceTree = "<group>"; };
		FCF3CD001E8D7F0B0060EF2E /* MajorInput.app */ = {isa = PBXFileReference; explicitFileType = wrapper.application; includeInIndex = 0; path = MajorInput.app; sourceTree = BUILT_PRODUCTS_DIR; };
		FCF3CD031E8D7F0B0060EF2E /* AppDelegate.swift */ = {isa = PBXFileReference; lastKnownFileType = sourcecode.swift; path = AppDelegate.swift; sourceTree = "<group>"; };
		FCF3CD051E8D7F0B0060EF2E /* MajorInputViewController.swift */ = {isa = PBXFileReference; lastKnownFileType = sourcecode.swift; path = MajorInputViewController.swift; sourceTree = "<group>"; };
		FCF3CD0A1E8D7F0B0060EF2E /* Assets.xcassets */ = {isa = PBXFileReference; lastKnownFileType = folder.assetcatalog; path = Assets.xcassets; sourceTree = "<group>"; };
		FCF3CD0D1E8D7F0B0060EF2E /* Base */ = {isa = PBXFileReference; lastKnownFileType = file.storyboard; name = Base; path = Base.lproj/LaunchScreen.storyboard; sourceTree = "<group>"; };
		FCF3CD0F1E8D7F0B0060EF2E /* Info.plist */ = {isa = PBXFileReference; lastKnownFileType = text.plist.xml; path = Info.plist; sourceTree = "<group>"; };
		FCF3CD141E8D7F0C0060EF2E /* MajorInputTests.xctest */ = {isa = PBXFileReference; explicitFileType = wrapper.cfbundle; includeInIndex = 0; path = MajorInputTests.xctest; sourceTree = BUILT_PRODUCTS_DIR; };
		FCF3CD181E8D7F0C0060EF2E /* MajorInputSanityCheckTests.swift */ = {isa = PBXFileReference; lastKnownFileType = sourcecode.swift; path = MajorInputSanityCheckTests.swift; sourceTree = "<group>"; };
		FCF3CD1A1E8D7F0C0060EF2E /* Info.plist */ = {isa = PBXFileReference; lastKnownFileType = text.plist.xml; path = Info.plist; sourceTree = "<group>"; };
/* End PBXFileReference section */

/* Begin PBXFrameworksBuildPhase section */
		FCF3CCFD1E8D7F0B0060EF2E /* Frameworks */ = {
			isa = PBXFrameworksBuildPhase;
			buildActionMask = 2147483647;
			files = (
				FCC8AA911EB925CD00A21D24 /* ReactiveCocoa.framework in Frameworks */,
				FCC8AA971EB925E700A21D24 /* SwiftyJSON.framework in Frameworks */,
				FCC8AA951EB925E200A21D24 /* Result.framework in Frameworks */,
				FCC8AA8C1EB925C000A21D24 /* Anchorage.framework in Frameworks */,
				FC15DD791F40DE5500DD09F0 /* Kingfisher.framework in Frameworks */,
				FCC8AA931EB925D300A21D24 /* ReactiveSwift.framework in Frameworks */,
			);
			runOnlyForDeploymentPostprocessing = 0;
		};
		FCF3CD111E8D7F0C0060EF2E /* Frameworks */ = {
			isa = PBXFrameworksBuildPhase;
			buildActionMask = 2147483647;
			files = (
				FCC8AA7F1EB9247B00A21D24 /* Nimble.framework in Frameworks */,
				FCC8AA811EB9248C00A21D24 /* Quick.framework in Frameworks */,
			);
			runOnlyForDeploymentPostprocessing = 0;
		};
/* End PBXFrameworksBuildPhase section */

/* Begin PBXGroup section */
		FC242DE11E8DDF62009754E7 /* Vendor */ = {
			isa = PBXGroup;
			children = (
				FCBD73711EBBDCD30034FEFD /* Buckets-Swift */,
				FCD229311EBE2F5700037D43 /* Strongify */,
				FCD2C4901EC1F6F9005A0C0B /* swift-html-entities */,
				FCD2C48C1EBFD691005A0C0B /* wwdc-session-transcripts */,
			);
			name = Vendor;
			sourceTree = "<group>";
		};
		FC242DE81E8DE953009754E7 /* Resources */ = {
			isa = PBXGroup;
			children = (
				FC58CA5A1EF88FE700EC49EA /* sessions.json */,
			);
			name = Resources;
			path = ../Resources;
			sourceTree = "<group>";
		};
		FC90662D1E92D5F0009363C8 /* Supporting Files */ = {
			isa = PBXGroup;
			children = (
				FCF3CD0A1E8D7F0B0060EF2E /* Assets.xcassets */,
				FCF3CD0C1E8D7F0B0060EF2E /* LaunchScreen.storyboard */,
				FCF3CD0F1E8D7F0B0060EF2E /* Info.plist */,
				FCA2DC2C1ED5AF4C00427D3C /* LicensePlist.yml */,
				FC242DE81E8DE953009754E7 /* Resources */,
				FCA2DC2A1EC6765D00427D3C /* Settings.bundle */,
			);
			name = "Supporting Files";
			sourceTree = "<group>";
		};
		FC90662E1E92D635009363C8 /* Supporting Files */ = {
			isa = PBXGroup;
			children = (
				FCF3CD1A1E8D7F0C0060EF2E /* Info.plist */,
			);
			name = "Supporting Files";
			sourceTree = "<group>";
		};
		FCBD73711EBBDCD30034FEFD /* Buckets-Swift */ = {
			isa = PBXGroup;
			children = (
				FCBD737E1EBBDCD30034FEFD /* LICENSE */,
				FCBD73801EBBDCD30034FEFD /* README.md */,
				FCBD73851EBBDCD30034FEFD /* Source */,
				FCBD739A1EBBDCD30034FEFD /* Tests */,
			);
			name = "Buckets-Swift";
			path = "Vendor/Carthage/Checkouts/Buckets-Swift";
			sourceTree = "<group>";
		};
		FCBD73851EBBDCD30034FEFD /* Source */ = {
			isa = PBXGroup;
			children = (
				FCBD73861EBBDCD30034FEFD /* Bimap.swift */,
			);
			path = Source;
			sourceTree = "<group>";
		};
		FCBD739A1EBBDCD30034FEFD /* Tests */ = {
			isa = PBXGroup;
			children = (
				FCBD739B1EBBDCD30034FEFD /* BimapTests.swift */,
			);
			path = Tests;
			sourceTree = "<group>";
		};
		FCC8AA7D1EB9247B00A21D24 /* Frameworks */ = {
			isa = PBXGroup;
			children = (
				FC15DD771F40DE0E00DD09F0 /* Kingfisher.framework */,
				FCC8AA761EB9241F00A21D24 /* Anchorage.framework */,
				FCC8AA7A1EB9242300A21D24 /* Haneke.framework */,
				FCC8AA7E1EB9247B00A21D24 /* Nimble.framework */,
				FCC8AA801EB9248C00A21D24 /* Quick.framework */,
				FCC8AA841EB924BE00A21D24 /* ReactiveCocoa.framework */,
				FCC8AA861EB924C600A21D24 /* ReactiveSwift.framework */,
				FCC8AA821EB924A900A21D24 /* ReactiveSwift.framework */,
				FCC8AA881EB924D200A21D24 /* Result.framework */,
				FCC8AA8A1EB924D900A21D24 /* SwiftyJSON.framework */,
			);
			name = Frameworks;
			sourceTree = "<group>";
		};
		FCD229311EBE2F5700037D43 /* Strongify */ = {
			isa = PBXGroup;
			children = (
				FCD229391EBE2F5700037D43 /* LICENSE */,
				FCD2293B1EBE2F5700037D43 /* README.md */,
				FCD2293C1EBE2F5700037D43 /* Sources */,
				FCD229421EBE2F5700037D43 /* Tests */,
			);
			name = Strongify;
			path = Vendor/Carthage/Checkouts/Strongify;
			sourceTree = "<group>";
		};
		FCD2293C1EBE2F5700037D43 /* Sources */ = {
			isa = PBXGroup;
			children = (
				FCD2293D1EBE2F5700037D43 /* Strongify.swift */,
			);
			path = Sources;
			sourceTree = "<group>";
		};
		FCD229421EBE2F5700037D43 /* Tests */ = {
			isa = PBXGroup;
			children = (
				FCD229431EBE2F5700037D43 /* LinuxMain.swift */,
				FCD229441EBE2F5700037D43 /* StrongifyTests */,
			);
			path = Tests;
			sourceTree = "<group>";
		};
		FCD229441EBE2F5700037D43 /* StrongifyTests */ = {
			isa = PBXGroup;
			children = (
				FCD229451EBE2F5700037D43 /* StrongifyTests.swift */,
			);
			path = StrongifyTests;
			sourceTree = "<group>";
		};
		FCD229601EBFC75700037D43 /* App */ = {
			isa = PBXGroup;
			children = (
				FCD2292F1EBDF3C600037D43 /* AppBuilder.swift */,
				FCD229291EBDEE5000037D43 /* AppNavigationController.swift */,
			);
			name = App;
			sourceTree = "<group>";
		};
		FCD229611EBFC76600037D43 /* Protocols & Support */ = {
			isa = PBXGroup;
			children = (
				FCBB65B61E96B86C008A8568 /* ClassStringProviding.swift */,
				FCD2292B1EBDEE9600037D43 /* DependencyProtocols.swift */,
				FCBD736D1EBB99780034FEFD /* Identifiable.swift */,
				FCD1C4BF1EAAB1DD00C22DEE /* PlayerSeeker.swift */,
				FCD2C48E1EC12117005A0C0B /* SortDescriptor.swift */,
				FCA2DC281EC5EF4B00427D3C /* TouchStencilingButton.swift */,
				FCD5F0EF1E95C4040034FD35 /* ViewDowncasting.swift */,
				FCD5F0F31E95C7040034FD35 /* ViewInitializing.swift */,
			);
			name = "Protocols & Support";
			sourceTree = "<group>";
		};
		FCD229621EBFC77100037D43 /* Model */ = {
			isa = PBXGroup;
			children = (
				FCC8AA4D1EB804AF00A21D24 /* Session.swift */,
				FC549EC61EF6E63D007CBFD6 /* Session+JSON.swift */,
				FC242DED1E8DEABB009754E7 /* Caption.swift */,
			);
			name = Model;
			sourceTree = "<group>";
		};
		FCD229631EBFC78000037D43 /* Presentation */ = {
			isa = PBXGroup;
			children = (
				FCD229601EBFC75700037D43 /* App */,
				FCD229651EBFC82200037D43 /* Major Input */,
				FCD229661EBFC82A00037D43 /* Shelf */,
			);
			name = Presentation;
			sourceTree = "<group>";
		};
		FCD229641EBFC7A500037D43 /* Services */ = {
			isa = PBXGroup;
			children = (
				FCBD736B1EBA9F050034FEFD /* DownloadsService.swift */,
				FCD2292D1EBDEF0000037D43 /* SessionsService.swift */,
			);
			name = Services;
			sourceTree = "<group>";
		};
		FCD229651EBFC82200037D43 /* Major Input */ = {
			isa = PBXGroup;
			children = (
				FCD5F0E91E95C1690034FD35 /* MajorInputView.swift */,
				FCF3CD051E8D7F0B0060EF2E /* MajorInputViewController.swift */,
				FCA2DC261EC5EC3A00427D3C /* PlayerView.swift */,
				FCD229671EBFC84800037D43 /* Filmstrip */,
				FCD229681EBFC85100037D43 /* Captions */,
			);
			name = "Major Input";
			sourceTree = "<group>";
		};
		FCD229661EBFC82A00037D43 /* Shelf */ = {
			isa = PBXGroup;
			children = (
				FCC8AA531EB8F44B00A21D24 /* SessionCell.swift */,
				FCC8AA511EB8EE0400A21D24 /* ShelfView.swift */,
				FCC8AA4F1EB8EDDF00A21D24 /* ShelfViewController.swift */,
			);
			name = Shelf;
			sourceTree = "<group>";
		};
		FCD229671EBFC84800037D43 /* Filmstrip */ = {
			isa = PBXGroup;
			children = (
				FCBB65BE1E983103008A8568 /* FilmstripCell.swift */,
				FC94518C1EAABB8400D42C25 /* FilmstripViewController.swift */,
			);
			name = Filmstrip;
			sourceTree = "<group>";
		};
		FCD229681EBFC85100037D43 /* Captions */ = {
			isa = PBXGroup;
			children = (
				FCBB65B41E96B034008A8568 /* CaptionCell.swift */,
				FC9451941EB1219800D42C25 /* CaptionsView.swift */,
				FC9451921EB1218D00D42C25 /* CaptionsViewController.swift */,
				FCBB65C21E98570D008A8568 /* TransformerView.swift */,
			);
			name = Captions;
			sourceTree = "<group>";
		};
		FCD2C25E1EBFCB9D005A0C0B /* Extensions */ = {
			isa = PBXGroup;
			children = (
				FCD5F0E71E959F1E0034FD35 /* AVFoundationExtensions.swift */,
				FCD5F10C1E95ED120034FD35 /* CoreGraphicsExtensions.swift */,
				FC90663B1E93FF72009363C8 /* FoundationExtensions.swift */,
				FCBB65BC1E98021E008A8568 /* StdLibExtensions.swift */,
				FCBB65BA1E97298B008A8568 /* UIKitExtensions.swift */,
			);
			name = Extensions;
			sourceTree = "<group>";
		};
		FCD2C4901EC1F6F9005A0C0B /* swift-html-entities */ = {
			isa = PBXGroup;
			children = (
				FCD2C4AF1EC1F6F9005A0C0B /* LICENSE */,
				FCD2C4B11EC1F6F9005A0C0B /* Package.swift */,
				FCD2C4B21EC1F6F9005A0C0B /* README.md */,
				FCD2C4B31EC1F6F9005A0C0B /* Sources */,
				FCD2C4B91EC1F6F9005A0C0B /* Tests */,
			);
			name = "swift-html-entities";
			path = "Vendor/Carthage/Checkouts/swift-html-entities";
			sourceTree = "<group>";
		};
		FCD2C4B31EC1F6F9005A0C0B /* Sources */ = {
			isa = PBXGroup;
			children = (
				FCD2C4B41EC1F6F9005A0C0B /* HTMLEntities */,
			);
			path = Sources;
			sourceTree = "<group>";
		};
		FCD2C4B41EC1F6F9005A0C0B /* HTMLEntities */ = {
			isa = PBXGroup;
			children = (
				FCD2C4B51EC1F6F9005A0C0B /* Constants.swift */,
				FCD2C4B61EC1F6F9005A0C0B /* ParseError.swift */,
				FCD2C4B71EC1F6F9005A0C0B /* String+HTMLEntities.swift */,
				FCD2C4B81EC1F6F9005A0C0B /* Utilities.swift */,
			);
			path = HTMLEntities;
			sourceTree = "<group>";
		};
		FCD2C4B91EC1F6F9005A0C0B /* Tests */ = {
			isa = PBXGroup;
			children = (
				FCD2C4BA1EC1F6F9005A0C0B /* HTMLEntitiesTests */,
				FCD2C4BD1EC1F6F9005A0C0B /* LinuxMain.swift */,
			);
			path = Tests;
			sourceTree = "<group>";
		};
		FCD2C4BA1EC1F6F9005A0C0B /* HTMLEntitiesTests */ = {
			isa = PBXGroup;
			children = (
				FCD2C4BB1EC1F6F9005A0C0B /* HTMLEntitiesTests.swift */,
				FCD2C4BC1EC1F6F9005A0C0B /* LinuxSafeguardTest.swift */,
			);
			path = HTMLEntitiesTests;
			sourceTree = "<group>";
		};
		FCF3CCF71E8D7F0B0060EF2E = {
			isa = PBXGroup;
			children = (
				FCF3CD021E8D7F0B0060EF2E /* MajorInput */,
				FCF3CD171E8D7F0C0060EF2E /* MajorInputTests */,
				FC242DE11E8DDF62009754E7 /* Vendor */,
				FCF3CD011E8D7F0B0060EF2E /* Products */,
				FCC8AA7D1EB9247B00A21D24 /* Frameworks */,
			);
			sourceTree = "<group>";
		};
		FCF3CD011E8D7F0B0060EF2E /* Products */ = {
			isa = PBXGroup;
			children = (
				FCF3CD001E8D7F0B0060EF2E /* MajorInput.app */,
				FCF3CD141E8D7F0C0060EF2E /* MajorInputTests.xctest */,
			);
			name = Products;
			sourceTree = "<group>";
		};
		FCF3CD021E8D7F0B0060EF2E /* MajorInput */ = {
			isa = PBXGroup;
			children = (
				FCF3CD031E8D7F0B0060EF2E /* AppDelegate.swift */,
				FCD2C25E1EBFCB9D005A0C0B /* Extensions */,
				FCD229621EBFC77100037D43 /* Model */,
				FCD229631EBFC78000037D43 /* Presentation */,
				FCD229611EBFC76600037D43 /* Protocols & Support */,
				FCD229641EBFC7A500037D43 /* Services */,
				FC90662D1E92D5F0009363C8 /* Supporting Files */,
			);
			path = MajorInput;
			sourceTree = "<group>";
		};
		FCF3CD171E8D7F0C0060EF2E /* MajorInputTests */ = {
			isa = PBXGroup;
			children = (
				FC9066391E93F194009363C8 /* CaptionSpec.swift */,
				FCF3CD181E8D7F0C0060EF2E /* MajorInputSanityCheckTests.swift */,
				FC242DE41E8DE27C009754E7 /* QuickIntegrationTests.swift */,
				FC90662F1E92FC48009363C8 /* StringExtensionsSpec.swift */,
				FCC8AA491EB7FCFC00A21D24 /* VideosJsonImportingSpec.swift */,
				FC90662E1E92D635009363C8 /* Supporting Files */,
			);
			path = MajorInputTests;
			sourceTree = "<group>";
		};
/* End PBXGroup section */

/* Begin PBXNativeTarget section */
		FCF3CCFF1E8D7F0B0060EF2E /* MajorInput */ = {
			isa = PBXNativeTarget;
			buildConfigurationList = FCF3CD1D1E8D7F0C0060EF2E /* Build configuration list for PBXNativeTarget "MajorInput" */;
			buildPhases = (
				FCF3CCFC1E8D7F0B0060EF2E /* Sources */,
				FCF3CCFD1E8D7F0B0060EF2E /* Frameworks */,
				FCF3CCFE1E8D7F0B0060EF2E /* Resources */,
				FCC8AA8E1EB925C000A21D24 /* Embed Frameworks */,
			);
			buildRules = (
			);
			dependencies = (
			);
			name = MajorInput;
			productName = MajorInput;
			productReference = FCF3CD001E8D7F0B0060EF2E /* MajorInput.app */;
			productType = "com.apple.product-type.application";
		};
		FCF3CD131E8D7F0C0060EF2E /* MajorInputTests */ = {
			isa = PBXNativeTarget;
			buildConfigurationList = FCF3CD201E8D7F0C0060EF2E /* Build configuration list for PBXNativeTarget "MajorInputTests" */;
			buildPhases = (
				FCF3CD101E8D7F0C0060EF2E /* Sources */,
				FCF3CD111E8D7F0C0060EF2E /* Frameworks */,
				FCF3CD121E8D7F0C0060EF2E /* Resources */,
			);
			buildRules = (
			);
			dependencies = (
				FCF3CD161E8D7F0C0060EF2E /* PBXTargetDependency */,
			);
			name = MajorInputTests;
			productName = MajorInputTests;
			productReference = FCF3CD141E8D7F0C0060EF2E /* MajorInputTests.xctest */;
			productType = "com.apple.product-type.bundle.unit-test";
		};
/* End PBXNativeTarget section */

/* Begin PBXProject section */
		FCF3CCF81E8D7F0B0060EF2E /* Project object */ = {
			isa = PBXProject;
			attributes = {
				CLASSPREFIX = "";
				LastSwiftUpdateCheck = 0830;
				LastUpgradeCheck = 0830;
				ORGANIZATIONNAME = "";
				TargetAttributes = {
					FCF3CCFF1E8D7F0B0060EF2E = {
						CreatedOnToolsVersion = 8.3;
						ProvisioningStyle = Automatic;
					};
					FCF3CD131E8D7F0C0060EF2E = {
						CreatedOnToolsVersion = 8.3;
						ProvisioningStyle = Automatic;
						TestTargetID = FCF3CCFF1E8D7F0B0060EF2E;
					};
				};
			};
			buildConfigurationList = FCF3CCFB1E8D7F0B0060EF2E /* Build configuration list for PBXProject "MajorInput" */;
			compatibilityVersion = "Xcode 3.2";
			developmentRegion = English;
			hasScannedForEncodings = 0;
			knownRegions = (
				en,
				Base,
			);
			mainGroup = FCF3CCF71E8D7F0B0060EF2E;
			productRefGroup = FCF3CD011E8D7F0B0060EF2E /* Products */;
			projectDirPath = "";
			projectRoot = "";
			targets = (
				FCF3CCFF1E8D7F0B0060EF2E /* MajorInput */,
				FCF3CD131E8D7F0C0060EF2E /* MajorInputTests */,
			);
		};
/* End PBXProject section */

/* Begin PBXResourcesBuildPhase section */
		FCF3CCFE1E8D7F0B0060EF2E /* Resources */ = {
			isa = PBXResourcesBuildPhase;
			buildActionMask = 2147483647;
			files = (
				FCF3CD0E1E8D7F0B0060EF2E /* LaunchScreen.storyboard in Resources */,
				FCF3CD0B1E8D7F0B0060EF2E /* Assets.xcassets in Resources */,
				FCA2DC2B1EC6765D00427D3C /* Settings.bundle in Resources */,
				FCD2C48D1EBFD759005A0C0B /* wwdc-session-transcripts in Resources */,
				FC58CA5B1EF88FE700EC49EA /* sessions.json in Resources */,
			);
			runOnlyForDeploymentPostprocessing = 0;
		};
		FCF3CD121E8D7F0C0060EF2E /* Resources */ = {
			isa = PBXResourcesBuildPhase;
			buildActionMask = 2147483647;
			files = (
			);
			runOnlyForDeploymentPostprocessing = 0;
		};
/* End PBXResourcesBuildPhase section */

/* Begin PBXSourcesBuildPhase section */
		FCF3CCFC1E8D7F0B0060EF2E /* Sources */ = {
			isa = PBXSourcesBuildPhase;
			buildActionMask = 2147483647;
			files = (
				FCC8AA541EB8F44B00A21D24 /* SessionCell.swift in Sources */,
				FC9451931EB1218D00D42C25 /* CaptionsViewController.swift in Sources */,
				FCBB65BB1E97298B008A8568 /* UIKitExtensions.swift in Sources */,
				FCD5F0E81E959F1E0034FD35 /* AVFoundationExtensions.swift in Sources */,
				FCD2295B1EBE2F8F00037D43 /* Strongify.swift in Sources */,
				FCA2DC291EC5EF4B00427D3C /* TouchStencilingButton.swift in Sources */,
				FCC8AA501EB8EDDF00A21D24 /* ShelfViewController.swift in Sources */,
				FCD5F10D1E95ED120034FD35 /* CoreGraphicsExtensions.swift in Sources */,
				FCD2292A1EBDEE5000037D43 /* AppNavigationController.swift in Sources */,
				FCD2C4BF1EC1F738005A0C0B /* ParseError.swift in Sources */,
				FCF3CD061E8D7F0B0060EF2E /* MajorInputViewController.swift in Sources */,
				FC9451951EB1219800D42C25 /* CaptionsView.swift in Sources */,
				FCD2C4C01EC1F738005A0C0B /* String+HTMLEntities.swift in Sources */,
				FCBB65B51E96B034008A8568 /* CaptionCell.swift in Sources */,
				FC549EC71EF6E63D007CBFD6 /* Session+JSON.swift in Sources */,
				FCD5F0F41E95C7040034FD35 /* ViewInitializing.swift in Sources */,
				FCBB65B71E96B86C008A8568 /* ClassStringProviding.swift in Sources */,
				FCBB65BD1E98021E008A8568 /* StdLibExtensions.swift in Sources */,
				FCBB65C31E98570D008A8568 /* TransformerView.swift in Sources */,
				FCD5F0EA1E95C1690034FD35 /* MajorInputView.swift in Sources */,
				FCD2C48F1EC12117005A0C0B /* SortDescriptor.swift in Sources */,
				FCBD736E1EBB99780034FEFD /* Identifiable.swift in Sources */,
				FCBB65BF1E983103008A8568 /* FilmstripCell.swift in Sources */,
				FCD5F0F01E95C4040034FD35 /* ViewDowncasting.swift in Sources */,
				FC90663C1E93FF72009363C8 /* FoundationExtensions.swift in Sources */,
				FCBD73B51EBBDCD30034FEFD /* Bimap.swift in Sources */,
				FCC8AA521EB8EE0400A21D24 /* ShelfView.swift in Sources */,
				FCC8AA4E1EB804AF00A21D24 /* Session.swift in Sources */,
				FCD2C4BE1EC1F738005A0C0B /* Constants.swift in Sources */,
				FC94518D1EAABB8400D42C25 /* FilmstripViewController.swift in Sources */,
				FC242DEE1E8DEABB009754E7 /* Caption.swift in Sources */,
				FCD1C4C01EAAB1DD00C22DEE /* PlayerSeeker.swift in Sources */,
				FCD2C4C11EC1F738005A0C0B /* Utilities.swift in Sources */,
				FCA2DC271EC5EC3A00427D3C /* PlayerView.swift in Sources */,
				FCD229301EBDF3C600037D43 /* AppBuilder.swift in Sources */,
				FCD2292C1EBDEE9600037D43 /* DependencyProtocols.swift in Sources */,
				FCD2292E1EBDEF0000037D43 /* SessionsService.swift in Sources */,
				FCF3CD041E8D7F0B0060EF2E /* AppDelegate.swift in Sources */,
				FCBD736C1EBA9F050034FEFD /* DownloadsService.swift in Sources */,
			);
			runOnlyForDeploymentPostprocessing = 0;
		};
		FCF3CD101E8D7F0C0060EF2E /* Sources */ = {
			isa = PBXSourcesBuildPhase;
			buildActionMask = 2147483647;
			files = (
				FCF3CD191E8D7F0C0060EF2E /* MajorInputSanityCheckTests.swift in Sources */,
				FC90663A1E93F194009363C8 /* CaptionSpec.swift in Sources */,
				FC242DE51E8DE27C009754E7 /* QuickIntegrationTests.swift in Sources */,
				FC9066301E92FC48009363C8 /* StringExtensionsSpec.swift in Sources */,
				FCC8AA4A1EB7FCFC00A21D24 /* VideosJsonImportingSpec.swift in Sources */,
			);
			runOnlyForDeploymentPostprocessing = 0;
		};
/* End PBXSourcesBuildPhase section */

/* Begin PBXTargetDependency section */
		FCF3CD161E8D7F0C0060EF2E /* PBXTargetDependency */ = {
			isa = PBXTargetDependency;
			target = FCF3CCFF1E8D7F0B0060EF2E /* MajorInput */;
			targetProxy = FCF3CD151E8D7F0C0060EF2E /* PBXContainerItemProxy */;
		};
/* End PBXTargetDependency section */

/* Begin PBXVariantGroup section */
		FCF3CD0C1E8D7F0B0060EF2E /* LaunchScreen.storyboard */ = {
			isa = PBXVariantGroup;
			children = (
				FCF3CD0D1E8D7F0B0060EF2E /* Base */,
			);
			name = LaunchScreen.storyboard;
			sourceTree = "<group>";
		};
/* End PBXVariantGroup section */

/* Begin XCBuildConfiguration section */
		FCF3CD1B1E8D7F0C0060EF2E /* Debug */ = {
			isa = XCBuildConfiguration;
			buildSettings = {
				ALWAYS_SEARCH_USER_PATHS = NO;
				CLANG_ANALYZER_NONNULL = YES;
				CLANG_ANALYZER_NUMBER_OBJECT_CONVERSION = YES_AGGRESSIVE;
				CLANG_CXX_LANGUAGE_STANDARD = "gnu++0x";
				CLANG_CXX_LIBRARY = "libc++";
				CLANG_ENABLE_MODULES = YES;
				CLANG_ENABLE_OBJC_ARC = YES;
				CLANG_WARN_BOOL_CONVERSION = YES;
				CLANG_WARN_CONSTANT_CONVERSION = YES;
				CLANG_WARN_DIRECT_OBJC_ISA_USAGE = YES_ERROR;
				CLANG_WARN_DOCUMENTATION_COMMENTS = YES;
				CLANG_WARN_EMPTY_BODY = YES;
				CLANG_WARN_ENUM_CONVERSION = YES;
				CLANG_WARN_INFINITE_RECURSION = YES;
				CLANG_WARN_INT_CONVERSION = YES;
				CLANG_WARN_OBJC_ROOT_CLASS = YES_ERROR;
				CLANG_WARN_SUSPICIOUS_MOVE = YES;
				CLANG_WARN_UNREACHABLE_CODE = YES;
				CLANG_WARN__DUPLICATE_METHOD_MATCH = YES;
				"CODE_SIGN_IDENTITY[sdk=iphoneos*]" = "iPhone Developer";
				COPY_PHASE_STRIP = NO;
				DEBUG_INFORMATION_FORMAT = dwarf;
				ENABLE_STRICT_OBJC_MSGSEND = YES;
				ENABLE_TESTABILITY = YES;
				GCC_C_LANGUAGE_STANDARD = gnu99;
				GCC_DYNAMIC_NO_PIC = NO;
				GCC_NO_COMMON_BLOCKS = YES;
				GCC_OPTIMIZATION_LEVEL = 0;
				GCC_PREPROCESSOR_DEFINITIONS = (
					"DEBUG=1",
					"$(inherited)",
				);
				GCC_WARN_64_TO_32_BIT_CONVERSION = YES;
				GCC_WARN_ABOUT_RETURN_TYPE = YES_ERROR;
				GCC_WARN_UNDECLARED_SELECTOR = YES;
				GCC_WARN_UNINITIALIZED_AUTOS = YES_AGGRESSIVE;
				GCC_WARN_UNUSED_FUNCTION = YES;
				GCC_WARN_UNUSED_VARIABLE = YES;
				IPHONEOS_DEPLOYMENT_TARGET = 10.3;
				MTL_ENABLE_DEBUG_INFO = YES;
				ONLY_ACTIVE_ARCH = YES;
				SDKROOT = iphoneos;
				SWIFT_ACTIVE_COMPILATION_CONDITIONS = DEBUG;
				SWIFT_OPTIMIZATION_LEVEL = "-Onone";
				TARGETED_DEVICE_FAMILY = 2;
			};
			name = Debug;
		};
		FCF3CD1C1E8D7F0C0060EF2E /* Release */ = {
			isa = XCBuildConfiguration;
			buildSettings = {
				ALWAYS_SEARCH_USER_PATHS = NO;
				CLANG_ANALYZER_NONNULL = YES;
				CLANG_ANALYZER_NUMBER_OBJECT_CONVERSION = YES_AGGRESSIVE;
				CLANG_CXX_LANGUAGE_STANDARD = "gnu++0x";
				CLANG_CXX_LIBRARY = "libc++";
				CLANG_ENABLE_MODULES = YES;
				CLANG_ENABLE_OBJC_ARC = YES;
				CLANG_WARN_BOOL_CONVERSION = YES;
				CLANG_WARN_CONSTANT_CONVERSION = YES;
				CLANG_WARN_DIRECT_OBJC_ISA_USAGE = YES_ERROR;
				CLANG_WARN_DOCUMENTATION_COMMENTS = YES;
				CLANG_WARN_EMPTY_BODY = YES;
				CLANG_WARN_ENUM_CONVERSION = YES;
				CLANG_WARN_INFINITE_RECURSION = YES;
				CLANG_WARN_INT_CONVERSION = YES;
				CLANG_WARN_OBJC_ROOT_CLASS = YES_ERROR;
				CLANG_WARN_SUSPICIOUS_MOVE = YES;
				CLANG_WARN_UNREACHABLE_CODE = YES;
				CLANG_WARN__DUPLICATE_METHOD_MATCH = YES;
				"CODE_SIGN_IDENTITY[sdk=iphoneos*]" = "iPhone Developer";
				COPY_PHASE_STRIP = NO;
				DEBUG_INFORMATION_FORMAT = "dwarf-with-dsym";
				ENABLE_NS_ASSERTIONS = NO;
				ENABLE_STRICT_OBJC_MSGSEND = YES;
				GCC_C_LANGUAGE_STANDARD = gnu99;
				GCC_NO_COMMON_BLOCKS = YES;
				GCC_WARN_64_TO_32_BIT_CONVERSION = YES;
				GCC_WARN_ABOUT_RETURN_TYPE = YES_ERROR;
				GCC_WARN_UNDECLARED_SELECTOR = YES;
				GCC_WARN_UNINITIALIZED_AUTOS = YES_AGGRESSIVE;
				GCC_WARN_UNUSED_FUNCTION = YES;
				GCC_WARN_UNUSED_VARIABLE = YES;
				IPHONEOS_DEPLOYMENT_TARGET = 10.3;
				MTL_ENABLE_DEBUG_INFO = NO;
				SDKROOT = iphoneos;
				SWIFT_OPTIMIZATION_LEVEL = "-Owholemodule";
				TARGETED_DEVICE_FAMILY = 2;
				VALIDATE_PRODUCT = YES;
			};
			name = Release;
		};
		FCF3CD1E1E8D7F0C0060EF2E /* Debug */ = {
			isa = XCBuildConfiguration;
			buildSettings = {
				ASSETCATALOG_COMPILER_APPICON_NAME = AppIcon;
				"CODE_SIGN_IDENTITY[sdk=iphoneos*]" = "iPhone Developer";
				DEVELOPMENT_TEAM = "";
				INFOPLIST_FILE = MajorInput/Info.plist;
				IPHONEOS_DEPLOYMENT_TARGET = 10.3;
				LD_RUNPATH_SEARCH_PATHS = "$(inherited) @executable_path/Frameworks";
				PRODUCT_BUNDLE_IDENTIFIER = io.smike.majorinput;
				PRODUCT_NAME = "$(TARGET_NAME)";
				PROVISIONING_PROFILE_SPECIFIER = "";
				SWIFT_VERSION = 3.0;
			};
			name = Debug;
		};
		FCF3CD1F1E8D7F0C0060EF2E /* Release */ = {
			isa = XCBuildConfiguration;
			buildSettings = {
				ASSETCATALOG_COMPILER_APPICON_NAME = AppIcon;
				"CODE_SIGN_IDENTITY[sdk=iphoneos*]" = "iPhone Developer";
				DEVELOPMENT_TEAM = "";
				INFOPLIST_FILE = MajorInput/Info.plist;
				IPHONEOS_DEPLOYMENT_TARGET = 10.3;
				LD_RUNPATH_SEARCH_PATHS = "$(inherited) @executable_path/Frameworks";
				PRODUCT_BUNDLE_IDENTIFIER = io.smike.majorinput;
				PRODUCT_NAME = "$(TARGET_NAME)";
				PROVISIONING_PROFILE_SPECIFIER = "";
				SWIFT_VERSION = 3.0;
			};
			name = Release;
		};
		FCF3CD211E8D7F0C0060EF2E /* Debug */ = {
			isa = XCBuildConfiguration;
			buildSettings = {
				ALWAYS_EMBED_SWIFT_STANDARD_LIBRARIES = YES;
				BUNDLE_LOADER = "$(TEST_HOST)";
				DEVELOPMENT_TEAM = "";
				FRAMEWORK_SEARCH_PATHS = "$(inherited)";
				INFOPLIST_FILE = MajorInputTests/Info.plist;
				LD_RUNPATH_SEARCH_PATHS = "$(inherited) @executable_path/Frameworks @loader_path/Frameworks";
				PRODUCT_NAME = "$(TARGET_NAME)";
				SWIFT_VERSION = 3.0;
				TEST_HOST = "$(BUILT_PRODUCTS_DIR)/MajorInput.app/MajorInput";
			};
			name = Debug;
		};
		FCF3CD221E8D7F0C0060EF2E /* Release */ = {
			isa = XCBuildConfiguration;
			buildSettings = {
				ALWAYS_EMBED_SWIFT_STANDARD_LIBRARIES = YES;
				BUNDLE_LOADER = "$(TEST_HOST)";
				DEVELOPMENT_TEAM = "";
				FRAMEWORK_SEARCH_PATHS = "$(inherited)";
				INFOPLIST_FILE = MajorInputTests/Info.plist;
				LD_RUNPATH_SEARCH_PATHS = "$(inherited) @executable_path/Frameworks @loader_path/Frameworks";
				PRODUCT_NAME = "$(TARGET_NAME)";
				SWIFT_VERSION = 3.0;
				TEST_HOST = "$(BUILT_PRODUCTS_DIR)/MajorInput.app/MajorInput";
			};
			name = Release;
		};
/* End XCBuildConfiguration section */

/* Begin XCConfigurationList section */
		FCF3CCFB1E8D7F0B0060EF2E /* Build configuration list for PBXProject "MajorInput" */ = {
			isa = XCConfigurationList;
			buildConfigurations = (
				FCF3CD1B1E8D7F0C0060EF2E /* Debug */,
				FCF3CD1C1E8D7F0C0060EF2E /* Release */,
			);
			defaultConfigurationIsVisible = 0;
			defaultConfigurationName = Release;
		};
		FCF3CD1D1E8D7F0C0060EF2E /* Build configuration list for PBXNativeTarget "MajorInput" */ = {
			isa = XCConfigurationList;
			buildConfigurations = (
				FCF3CD1E1E8D7F0C0060EF2E /* Debug */,
				FCF3CD1F1E8D7F0C0060EF2E /* Release */,
			);
			defaultConfigurationIsVisible = 0;
			defaultConfigurationName = Release;
		};
		FCF3CD201E8D7F0C0060EF2E /* Build configuration list for PBXNativeTarget "MajorInputTests" */ = {
			isa = XCConfigurationList;
			buildConfigurations = (
				FCF3CD211E8D7F0C0060EF2E /* Debug */,
				FCF3CD221E8D7F0C0060EF2E /* Release */,
			);
			defaultConfigurationIsVisible = 0;
			defaultConfigurationName = Release;
		};
/* End XCConfigurationList section */
	};
	rootObject = FCF3CCF81E8D7F0B0060EF2E /* Project object */;
}
